
Microsoft Visual Studio Solution File, Format Version 12.00
# Visual Studio Version 17
VisualStudioVersion = 17.5.002.0
MinimumVisualStudioVersion = 10.0.40219.1
Project("{9A19103F-16F7-4668-BE54-9A1E7A4F7556}") = "EosECC", "EosECC\EosECC.csproj", "{AB5C0FD3-ABD8-480B-8677-E053444E12F5}"
EndProject
Project("{FAE04EC0-301F-11D3-BF4B-00C04F79EFBC}") = "Test", "Test\Test.csproj", "{1332BA5A-8999-43FA-AE8D-7E7809C16A46}"
EndProject
Global
	GlobalSection(SolutionConfigurationPlatforms) = preSolution
		Debug|Any CPU = Debug|Any CPU
		Release|Any CPU = Release|Any CPU
	EndGlobalSection
	GlobalSection(ProjectConfigurationPlatforms) = postSolution
		{AB5C0FD3-ABD8-480B-8677-E053444E12F5}.Debug|Any CPU.ActiveCfg = Debug|Any CPU
		{AB5C0FD3-ABD8-480B-8677-E053444E12F5}.Debug|Any CPU.Build.0 = Debug|Any CPU
		{AB5C0FD3-ABD8-480B-8677-E053444E12F5}.Release|Any CPU.ActiveCfg = Release|Any CPU
		{AB5C0FD3-ABD8-480B-8677-E053444E12F5}.Release|Any CPU.Build.0 = Release|Any CPU
		{1332BA5A-8999-43FA-AE8D-7E7809C16A46}.Debug|Any CPU.ActiveCfg = Debug|Any CPU
		{1332BA5A-8999-43FA-AE8D-7E7809C16A46}.Debug|Any CPU.Build.0 = Debug|Any CPU
		{1332BA5A-8999-43FA-AE8D-7E7809C16A46}.Release|Any CPU.ActiveCfg = Release|Any CPU
		{1332BA5A-8999-43FA-AE8D-7E7809C16A46}.Release|Any CPU.Build.0 = Release|Any CPU
	EndGlobalSection
	GlobalSection(SolutionProperties) = preSolution
		HideSolutionNode = FALSE
	EndGlobalSection
	GlobalSection(ExtensibilityGlobals) = postSolution
		SolutionGuid = {98ED331F-3400-46BB-9BC5-DFE94DC94765}
	EndGlobalSection
EndGlobal
